
Microsoft Visual Studio Solution File, Format Version 12.00
# Visual Studio Version 17
VisualStudioVersion = 17.10.34916.146
MinimumVisualStudioVersion = 10.0.40219.1
Project("{FAE04EC0-301F-11D3-BF4B-00C04F79EFBC}") = "ozhar-hasfarim", "ozhar-hasfarim.csproj", "{FED96721-27E5-4C74-B3BA-0024F3458287}"
EndProject
Global
	GlobalSection(SolutionConfigurationPlatforms) = preSolution
		Debug|Any CPU = Debug|Any CPU
		Release|Any CPU = Release|Any CPU
	EndGlobalSection
	GlobalSection(ProjectConfigurationPlatforms) = postSolution
		{FED96721-27E5-4C74-B3BA-0024F3458287}.Debug|Any CPU.ActiveCfg = Debug|Any CPU
		{FED96721-27E5-4C74-B3BA-0024F3458287}.Debug|Any CPU.Build.0 = Debug|Any CPU
		{FED96721-27E5-4C74-B3BA-0024F3458287}.Release|Any CPU.ActiveCfg = Release|Any CPU
		{FED96721-27E5-4C74-B3BA-0024F3458287}.Release|Any CPU.Build.0 = Release|Any CPU
	EndGlobalSection
	GlobalSection(SolutionProperties) = preSolution
		HideSolutionNode = FALSE
	EndGlobalSection
	GlobalSection(ExtensibilityGlobals) = postSolution
		SolutionGuid = {934F90F2-102F-4619-8C9F-3D679AC608C7}
	EndGlobalSection
EndGlobal
